
Microsoft Visual Studio Solution File, Format Version 12.00
# Visual Studio Version 17
VisualStudioVersion = 17.12.35527.113
MinimumVisualStudioVersion = 10.0.40219.1
Project("{FAE04EC0-301F-11D3-BF4B-00C04F79EFBC}") = "Day1", "Day1.csproj", "{58469CFB-B6E0-4BBB-BB19-316745F34F71}"
EndProject
Project("{FAE04EC0-301F-11D3-BF4B-00C04F79EFBC}") = "DemoMethod", "..\..\.Net Training\DemoMethod\DemoMethod.csproj", "{89B183F3-A23A-4836-BE5E-95088D8B32D7}"
EndProject
Project("{FAE04EC0-301F-11D3-BF4B-00C04F79EFBC}") = "Day2", "..\Day2\Day2.csproj", "{51839C37-96CF-4843-B832-1BEA5CE89575}"
EndProject
Project("{FAE04EC0-301F-11D3-BF4B-00C04F79EFBC}") = "Day_2_Task_2", "..\Day_2_Task_2\Day_2_Task_2.csproj", "{D3C19EC4-4511-4B7F-954E-BA1A30889529}"
EndProject
Project("{FAE04EC0-301F-11D3-BF4B-00C04F79EFBC}") = "DemoString", "..\..\.Net Training\Day3\DemoString\DemoString.csproj", "{D0E8BEA9-D988-4CFF-BFB5-6993440946BB}"
EndProject
Project("{FAE04EC0-301F-11D3-BF4B-00C04F79EFBC}") = "PartialDemo", "..\..\.Net Training\PartialDemo\PartialDemo.csproj", "{7DA5AB8D-8374-4312-A3D2-69001AABF5E2}"
EndProject
Project("{FAE04EC0-301F-11D3-BF4B-00C04F79EFBC}") = "Task1_Task2", "..\Day3\Task1_Task2\Task1_Task2.csproj", "{46F0D94B-2815-443E-B83B-55CD8E8C6F10}"
EndProject
Project("{FAE04EC0-301F-11D3-BF4B-00C04F79EFBC}") = "Task3", "..\Day3\Task3\Task3.csproj", "{4062AE27-A1E0-4082-B2DB-8E3B0A2AC7B8}"
EndProject
Global
	GlobalSection(SolutionConfigurationPlatforms) = preSolution
		Debug|Any CPU = Debug|Any CPU
		Release|Any CPU = Release|Any CPU
	EndGlobalSection
	GlobalSection(ProjectConfigurationPlatforms) = postSolution
		{58469CFB-B6E0-4BBB-BB19-316745F34F71}.Debug|Any CPU.ActiveCfg = Debug|Any CPU
		{58469CFB-B6E0-4BBB-BB19-316745F34F71}.Debug|Any CPU.Build.0 = Debug|Any CPU
		{58469CFB-B6E0-4BBB-BB19-316745F34F71}.Release|Any CPU.ActiveCfg = Release|Any CPU
		{58469CFB-B6E0-4BBB-BB19-316745F34F71}.Release|Any CPU.Build.0 = Release|Any CPU
		{89B183F3-A23A-4836-BE5E-95088D8B32D7}.Debug|Any CPU.ActiveCfg = Debug|Any CPU
		{89B183F3-A23A-4836-BE5E-95088D8B32D7}.Debug|Any CPU.Build.0 = Debug|Any CPU
		{89B183F3-A23A-4836-BE5E-95088D8B32D7}.Release|Any CPU.ActiveCfg = Release|Any CPU
		{89B183F3-A23A-4836-BE5E-95088D8B32D7}.Release|Any CPU.Build.0 = Release|Any CPU
		{51839C37-96CF-4843-B832-1BEA5CE89575}.Debug|Any CPU.ActiveCfg = Debug|Any CPU
		{51839C37-96CF-4843-B832-1BEA5CE89575}.Debug|Any CPU.Build.0 = Debug|Any CPU
		{51839C37-96CF-4843-B832-1BEA5CE89575}.Release|Any CPU.ActiveCfg = Release|Any CPU
		{51839C37-96CF-4843-B832-1BEA5CE89575}.Release|Any CPU.Build.0 = Release|Any CPU
		{D3C19EC4-4511-4B7F-954E-BA1A30889529}.Debug|Any CPU.ActiveCfg = Debug|Any CPU
		{D3C19EC4-4511-4B7F-954E-BA1A30889529}.Debug|Any CPU.Build.0 = Debug|Any CPU
		{D3C19EC4-4511-4B7F-954E-BA1A30889529}.Release|Any CPU.ActiveCfg = Release|Any CPU
		{D3C19EC4-4511-4B7F-954E-BA1A30889529}.Release|Any CPU.Build.0 = Release|Any CPU
		{D0E8BEA9-D988-4CFF-BFB5-6993440946BB}.Debug|Any CPU.ActiveCfg = Debug|Any CPU
		{D0E8BEA9-D988-4CFF-BFB5-6993440946BB}.Debug|Any CPU.Build.0 = Debug|Any CPU
		{D0E8BEA9-D988-4CFF-BFB5-6993440946BB}.Release|Any CPU.ActiveCfg = Release|Any CPU
		{D0E8BEA9-D988-4CFF-BFB5-6993440946BB}.Release|Any CPU.Build.0 = Release|Any CPU
		{7DA5AB8D-8374-4312-A3D2-69001AABF5E2}.Debug|Any CPU.ActiveCfg = Debug|Any CPU
		{7DA5AB8D-8374-4312-A3D2-69001AABF5E2}.Debug|Any CPU.Build.0 = Debug|Any CPU
		{7DA5AB8D-8374-4312-A3D2-69001AABF5E2}.Release|Any CPU.ActiveCfg = Release|Any CPU
		{7DA5AB8D-8374-4312-A3D2-69001AABF5E2}.Release|Any CPU.Build.0 = Release|Any CPU
		{46F0D94B-2815-443E-B83B-55CD8E8C6F10}.Debug|Any CPU.ActiveCfg = Debug|Any CPU
		{46F0D94B-2815-443E-B83B-55CD8E8C6F10}.Debug|Any CPU.Build.0 = Debug|Any CPU
		{46F0D94B-2815-443E-B83B-55CD8E8C6F10}.Release|Any CPU.ActiveCfg = Release|Any CPU
		{46F0D94B-2815-443E-B83B-55CD8E8C6F10}.Release|Any CPU.Build.0 = Release|Any CPU
		{4062AE27-A1E0-4082-B2DB-8E3B0A2AC7B8}.Debug|Any CPU.ActiveCfg = Debug|Any CPU
		{4062AE27-A1E0-4082-B2DB-8E3B0A2AC7B8}.Debug|Any CPU.Build.0 = Debug|Any CPU
		{4062AE27-A1E0-4082-B2DB-8E3B0A2AC7B8}.Release|Any CPU.ActiveCfg = Release|Any CPU
		{4062AE27-A1E0-4082-B2DB-8E3B0A2AC7B8}.Release|Any CPU.Build.0 = Release|Any CPU
	EndGlobalSection
	GlobalSection(SolutionProperties) = preSolution
		HideSolutionNode = FALSE
	EndGlobalSection
EndGlobal
