
Microsoft Visual Studio Solution File, Format Version 12.00
# Visual Studio Version 17
VisualStudioVersion = 17.12.35527.113 d17.12
MinimumVisualStudioVersion = 10.0.40219.1
Project("{FAE04EC0-301F-11D3-BF4B-00C04F79EFBC}") = "Task1", "Task1.csproj", "{DEA370D2-1C36-4CA6-8BDB-A3B05C57AE1A}"
EndProject
Project("{FAE04EC0-301F-11D3-BF4B-00C04F79EFBC}") = "Task2", "..\Task2\Task2.csproj", "{F94E88B6-D2FB-4492-B2FB-E155683DB65B}"
EndProject
Global
	GlobalSection(SolutionConfigurationPlatforms) = preSolution
		Debug|Any CPU = Debug|Any CPU
		Release|Any CPU = Release|Any CPU
	EndGlobalSection
	GlobalSection(ProjectConfigurationPlatforms) = postSolution
		{DEA370D2-1C36-4CA6-8BDB-A3B05C57AE1A}.Debug|Any CPU.ActiveCfg = Debug|Any CPU
		{DEA370D2-1C36-4CA6-8BDB-A3B05C57AE1A}.Debug|Any CPU.Build.0 = Debug|Any CPU
		{DEA370D2-1C36-4CA6-8BDB-A3B05C57AE1A}.Release|Any CPU.ActiveCfg = Release|Any CPU
		{DEA370D2-1C36-4CA6-8BDB-A3B05C57AE1A}.Release|Any CPU.Build.0 = Release|Any CPU
		{F94E88B6-D2FB-4492-B2FB-E155683DB65B}.Debug|Any CPU.ActiveCfg = Debug|Any CPU
		{F94E88B6-D2FB-4492-B2FB-E155683DB65B}.Debug|Any CPU.Build.0 = Debug|Any CPU
		{F94E88B6-D2FB-4492-B2FB-E155683DB65B}.Release|Any CPU.ActiveCfg = Release|Any CPU
		{F94E88B6-D2FB-4492-B2FB-E155683DB65B}.Release|Any CPU.Build.0 = Release|Any CPU
	EndGlobalSection
	GlobalSection(SolutionProperties) = preSolution
		HideSolutionNode = FALSE
	EndGlobalSection
EndGlobal
